
Microsoft Visual Studio Solution File, Format Version 12.00
# Visual Studio Version 17
VisualStudioVersion = 17.7.34202.233
MinimumVisualStudioVersion = 10.0.40219.1
Project("{FAE04EC0-301F-11D3-BF4B-00C04F79EFBC}") = "Laboratornaya 8", "Laboratornaya 8.csproj", "{F285C541-9531-45CF-96E3-75ABF2AD5A39}"
EndProject
Global
	GlobalSection(SolutionConfigurationPlatforms) = preSolution
		Debug|Any CPU = Debug|Any CPU
		Release|Any CPU = Release|Any CPU
	EndGlobalSection
	GlobalSection(ProjectConfigurationPlatforms) = postSolution
		{F285C541-9531-45CF-96E3-75ABF2AD5A39}.Debug|Any CPU.ActiveCfg = Debug|Any CPU
		{F285C541-9531-45CF-96E3-75ABF2AD5A39}.Debug|Any CPU.Build.0 = Debug|Any CPU
		{F285C541-9531-45CF-96E3-75ABF2AD5A39}.Release|Any CPU.ActiveCfg = Release|Any CPU
		{F285C541-9531-45CF-96E3-75ABF2AD5A39}.Release|Any CPU.Build.0 = Release|Any CPU
	EndGlobalSection
	GlobalSection(SolutionProperties) = preSolution
		HideSolutionNode = FALSE
	EndGlobalSection
	GlobalSection(ExtensibilityGlobals) = postSolution
		SolutionGuid = {C226826F-4BFF-44C8-8E79-8F46578B85ED}
	EndGlobalSection
EndGlobal
